// !$*UTF8*$!
{
	archiveVersion = 1;
	classes = {
	};
	objectVersion = 46;
	objects = {

/* Begin PBXGroup section */
		51025F121EB5A3F3002CCF38 = {
			isa = PBXGroup;
			children = (
			);
			sourceTree = "<group>";
		};
/* End PBXGroup section */

/* Begin PBXProject section */
		51025F131EB5A3F3002CCF38 /* Project object */ = {
			isa = PBXProject;
			attributes = {
				LastUpgradeCheck = 0610;
			};
			buildConfigurationList = 51025F161EB5A3F3002CCF38 /* Build configuration list for PBXProject "facemeshTest" */;
			compatibilityVersion = "Xcode 3.2";
			developmentRegion = English;
			hasScannedForEncodings = 0;
			knownRegions = (
				en,
			);
			mainGroup = 51025F121EB5A3F3002CCF38;
			projectDirPath = "";
			projectRoot = "";
			targets = (
			);
		};
/* End PBXProject section */

/* Begin XCBuildConfiguration section */
		51025F171EB5A3F3002CCF38 /* Debug */ = {
			isa = XCBuildConfiguration;
			buildSettings = {
			};
			name = Debug;
		};
		51025F181EB5A3F3002CCF38 /* Release */ = {
			isa = XCBuildConfiguration;
			buildSettings = {
			};
			name = Release;
		};
/* End XCBuildConfiguration section */

/* Begin XCConfigurationList section */
		51025F161EB5A3F3002CCF38 /* Build configuration list for PBXProject "facemeshTest" */ = {
			isa = XCConfigurationList;
			buildConfigurations = (
				51025F171EB5A3F3002CCF38 /* Debug */,
				51025F181EB5A3F3002CCF38 /* Release */,
			);
			defaultConfigurationIsVisible = 0;
			defaultConfigurationName = Release;
		};
/* End XCConfigurationList section */
	};
	rootObject = 51025F131EB5A3F3002CCF38 /* Project object */;
}
